// !$*UTF8*$!
{
	archiveVersion = 1;
	classes = {
	};
	objectVersion = 56;
	objects = {

/* Begin PBXBuildFile section */
		14D1983453206BA4FA80CDBB /* Pods_LilyTalk.framework in Frameworks */ = {isa = PBXBuildFile; fileRef = D0D044288C1AA1A7A382949C /* Pods_LilyTalk.framework */; };
		2A33EAB229B748AA0043DAF2 /* GoogleService-Info.plist in Resources */ = {isa = PBXBuildFile; fileRef = 2A33EAB129B748AA0043DAF2 /* GoogleService-Info.plist */; };
		2A33EAB629B7B4E60043DAF2 /* RemoteConfigDefaults.plist in Resources */ = {isa = PBXBuildFile; fileRef = 2A33EAB529B7B4E60043DAF2 /* RemoteConfigDefaults.plist */; };
		2A33EAB829B7B83D0043DAF2 /* LoginViewController.swift in Sources */ = {isa = PBXBuildFile; fileRef = 2A33EAB729B7B83D0043DAF2 /* LoginViewController.swift */; };
		2A33EABA29B7BD7E0043DAF2 /* SignupViewController.swift in Sources */ = {isa = PBXBuildFile; fileRef = 2A33EAB929B7BD7E0043DAF2 /* SignupViewController.swift */; };
		2A33EABC29B7DE9D0043DAF2 /* PeopleViewController.swift in Sources */ = {isa = PBXBuildFile; fileRef = 2A33EABB29B7DE9D0043DAF2 /* PeopleViewController.swift */; };
		2A33EAC129B7E9A00043DAF2 /* UserModel.swift in Sources */ = {isa = PBXBuildFile; fileRef = 2A33EAC029B7E9A00043DAF2 /* UserModel.swift */; };
		2A33EAC429B8E6800043DAF2 /* ChatViewController.swift in Sources */ = {isa = PBXBuildFile; fileRef = 2A33EAC329B8E67F0043DAF2 /* ChatViewController.swift */; };
		2A33EAC829B8E7480043DAF2 /* ChatModel.swift in Sources */ = {isa = PBXBuildFile; fileRef = 2A33EAC729B8E7480043DAF2 /* ChatModel.swift */; };
		2A5765F829BA481300A0062C /* ChatRoomsViewController.swift in Sources */ = {isa = PBXBuildFile; fileRef = 2A5765F729BA481300A0062C /* ChatRoomsViewController.swift */; };
		2AFC922C29B5F828003A35CE /* AppDelegate.swift in Sources */ = {isa = PBXBuildFile; fileRef = 2AFC922B29B5F828003A35CE /* AppDelegate.swift */; };
		2AFC922E29B5F828003A35CE /* SceneDelegate.swift in Sources */ = {isa = PBXBuildFile; fileRef = 2AFC922D29B5F828003A35CE /* SceneDelegate.swift */; };
		2AFC923029B5F828003A35CE /* ViewController.swift in Sources */ = {isa = PBXBuildFile; fileRef = 2AFC922F29B5F828003A35CE /* ViewController.swift */; };
		2AFC923329B5F829003A35CE /* Main.storyboard in Resources */ = {isa = PBXBuildFile; fileRef = 2AFC923129B5F829003A35CE /* Main.storyboard */; };
		2AFC923529B5F82A003A35CE /* Assets.xcassets in Resources */ = {isa = PBXBuildFile; fileRef = 2AFC923429B5F82A003A35CE /* Assets.xcassets */; };
		2AFC923829B5F82A003A35CE /* LaunchScreen.storyboard in Resources */ = {isa = PBXBuildFile; fileRef = 2AFC923629B5F82A003A35CE /* LaunchScreen.storyboard */; };
/* End PBXBuildFile section */

/* Begin PBXFileReference section */
		07E9E67B17349CE414D0E3AB /* Pods-LilyTalk.debug.xcconfig */ = {isa = PBXFileReference; includeInIndex = 1; lastKnownFileType = text.xcconfig; name = "Pods-LilyTalk.debug.xcconfig"; path = "Target Support Files/Pods-LilyTalk/Pods-LilyTalk.debug.xcconfig"; sourceTree = "<group>"; };
		1848C93D3C764D118D4A21B3 /* Pods-LilyTalk.release.xcconfig */ = {isa = PBXFileReference; includeInIndex = 1; lastKnownFileType = text.xcconfig; name = "Pods-LilyTalk.release.xcconfig"; path = "Target Support Files/Pods-LilyTalk/Pods-LilyTalk.release.xcconfig"; sourceTree = "<group>"; };
		2A33EAB129B748AA0043DAF2 /* GoogleService-Info.plist */ = {isa = PBXFileReference; fileEncoding = 4; lastKnownFileType = text.plist.xml; path = "GoogleService-Info.plist"; sourceTree = "<group>"; };
		2A33EAB529B7B4E60043DAF2 /* RemoteConfigDefaults.plist */ = {isa = PBXFileReference; fileEncoding = 4; lastKnownFileType = text.plist.xml; path = RemoteConfigDefaults.plist; sourceTree = "<group>"; };
		2A33EAB729B7B83D0043DAF2 /* LoginViewController.swift */ = {isa = PBXFileReference; lastKnownFileType = sourcecode.swift; path = LoginViewController.swift; sourceTree = "<group>"; };
		2A33EAB929B7BD7E0043DAF2 /* SignupViewController.swift */ = {isa = PBXFileReference; lastKnownFileType = sourcecode.swift; path = SignupViewController.swift; sourceTree = "<group>"; };
		2A33EABB29B7DE9D0043DAF2 /* PeopleViewController.swift */ = {isa = PBXFileReference; lastKnownFileType = sourcecode.swift; path = PeopleViewController.swift; sourceTree = "<group>"; };
		2A33EAC029B7E9A00043DAF2 /* UserModel.swift */ = {isa = PBXFileReference; lastKnownFileType = sourcecode.swift; path = UserModel.swift; sourceTree = "<group>"; };
		2A33EAC329B8E67F0043DAF2 /* ChatViewController.swift */ = {isa = PBXFileReference; lastKnownFileType = sourcecode.swift; path = ChatViewController.swift; sourceTree = "<group>"; };
		2A33EAC729B8E7480043DAF2 /* ChatModel.swift */ = {isa = PBXFileReference; lastKnownFileType = sourcecode.swift; path = ChatModel.swift; sourceTree = "<group>"; };
		2A5765F729BA481300A0062C /* ChatRoomsViewController.swift */ = {isa = PBXFileReference; lastKnownFileType = sourcecode.swift; path = ChatRoomsViewController.swift; sourceTree = "<group>"; };
		2AFC922829B5F828003A35CE /* LilyTalk.app */ = {isa = PBXFileReference; explicitFileType = wrapper.application; includeInIndex = 0; path = LilyTalk.app; sourceTree = BUILT_PRODUCTS_DIR; };
		2AFC922B29B5F828003A35CE /* AppDelegate.swift */ = {isa = PBXFileReference; lastKnownFileType = sourcecode.swift; path = AppDelegate.swift; sourceTree = "<group>"; };
		2AFC922D29B5F828003A35CE /* SceneDelegate.swift */ = {isa = PBXFileReference; lastKnownFileType = sourcecode.swift; path = SceneDelegate.swift; sourceTree = "<group>"; };
		2AFC922F29B5F828003A35CE /* ViewController.swift */ = {isa = PBXFileReference; lastKnownFileType = sourcecode.swift; path = ViewController.swift; sourceTree = "<group>"; };
		2AFC923229B5F829003A35CE /* Base */ = {isa = PBXFileReference; lastKnownFileType = file.storyboard; name = Base; path = Base.lproj/Main.storyboard; sourceTree = "<group>"; };
		2AFC923429B5F82A003A35CE /* Assets.xcassets */ = {isa = PBXFileReference; lastKnownFileType = folder.assetcatalog; path = Assets.xcassets; sourceTree = "<group>"; };
		2AFC923729B5F82A003A35CE /* Base */ = {isa = PBXFileReference; lastKnownFileType = file.storyboard; name = Base; path = Base.lproj/LaunchScreen.storyboard; sourceTree = "<group>"; };
		2AFC923929B5F82A003A35CE /* Info.plist */ = {isa = PBXFileReference; lastKnownFileType = text.plist.xml; path = Info.plist; sourceTree = "<group>"; };
		D0D044288C1AA1A7A382949C /* Pods_LilyTalk.framework */ = {isa = PBXFileReference; explicitFileType = wrapper.framework; includeInIndex = 0; path = Pods_LilyTalk.framework; sourceTree = BUILT_PRODUCTS_DIR; };
/* End PBXFileReference section */

/* Begin PBXFrameworksBuildPhase section */
		2AFC922529B5F828003A35CE /* Frameworks */ = {
			isa = PBXFrameworksBuildPhase;
			buildActionMask = 2147483647;
			files = (
				14D1983453206BA4FA80CDBB /* Pods_LilyTalk.framework in Frameworks */,
			);
			runOnlyForDeploymentPostprocessing = 0;
		};
/* End PBXFrameworksBuildPhase section */

/* Begin PBXGroup section */
		2A33EAC629B8E7340043DAF2 /* Model */ = {
			isa = PBXGroup;
			children = (
				2A33EAC029B7E9A00043DAF2 /* UserModel.swift */,
				2A33EAC729B8E7480043DAF2 /* ChatModel.swift */,
			);
			path = Model;
			sourceTree = "<group>";
		};
		2A5765F629BA47E800A0062C /* TabBar */ = {
			isa = PBXGroup;
			children = (
				2A33EABB29B7DE9D0043DAF2 /* PeopleViewController.swift */,
			);
			path = TabBar;
			sourceTree = "<group>";
		};
		2AFC921F29B5F828003A35CE = {
			isa = PBXGroup;
			children = (
				2AFC922A29B5F828003A35CE /* LilyTalk */,
				2AFC922929B5F828003A35CE /* Products */,
				60527E16BF12C1E505345C93 /* Pods */,
				BC915947B3399A7085AEB7D7 /* Frameworks */,
			);
			sourceTree = "<group>";
		};
		2AFC922929B5F828003A35CE /* Products */ = {
			isa = PBXGroup;
			children = (
				2AFC922829B5F828003A35CE /* LilyTalk.app */,
			);
			name = Products;
			sourceTree = "<group>";
		};
		2AFC922A29B5F828003A35CE /* LilyTalk */ = {
			isa = PBXGroup;
			children = (
				2A5765F629BA47E800A0062C /* TabBar */,
				2A33EAC629B8E7340043DAF2 /* Model */,
				2AFC922B29B5F828003A35CE /* AppDelegate.swift */,
				2AFC922D29B5F828003A35CE /* SceneDelegate.swift */,
				2AFC922F29B5F828003A35CE /* ViewController.swift */,
				2A5765F729BA481300A0062C /* ChatRoomsViewController.swift */,
				2AFC923129B5F829003A35CE /* Main.storyboard */,
				2A33EAB929B7BD7E0043DAF2 /* SignupViewController.swift */,
				2A33EAB729B7B83D0043DAF2 /* LoginViewController.swift */,
				2A33EAC329B8E67F0043DAF2 /* ChatViewController.swift */,
				2AFC923429B5F82A003A35CE /* Assets.xcassets */,
				2AFC923629B5F82A003A35CE /* LaunchScreen.storyboard */,
				2A33EAB129B748AA0043DAF2 /* GoogleService-Info.plist */,
				2AFC923929B5F82A003A35CE /* Info.plist */,
				2A33EAB529B7B4E60043DAF2 /* RemoteConfigDefaults.plist */,
			);
			path = LilyTalk;
			sourceTree = "<group>";
		};
		60527E16BF12C1E505345C93 /* Pods */ = {
			isa = PBXGroup;
			children = (
				07E9E67B17349CE414D0E3AB /* Pods-LilyTalk.debug.xcconfig */,
				1848C93D3C764D118D4A21B3 /* Pods-LilyTalk.release.xcconfig */,
			);
			path = Pods;
			sourceTree = "<group>";
		};
		BC915947B3399A7085AEB7D7 /* Frameworks */ = {
			isa = PBXGroup;
			children = (
				D0D044288C1AA1A7A382949C /* Pods_LilyTalk.framework */,
			);
			name = Frameworks;
			sourceTree = "<group>";
		};
/* End PBXGroup section */

/* Begin PBXNativeTarget section */
		2AFC922729B5F828003A35CE /* LilyTalk */ = {
			isa = PBXNativeTarget;
			buildConfigurationList = 2AFC923C29B5F82A003A35CE /* Build configuration list for PBXNativeTarget "LilyTalk" */;
			buildPhases = (
				0A2CDB22843F8514F006E103 /* [CP] Check Pods Manifest.lock */,
				2AFC922429B5F828003A35CE /* Sources */,
				2AFC922529B5F828003A35CE /* Frameworks */,
				2AFC922629B5F828003A35CE /* Resources */,
				C2498419AB4AEEDC3BE0D80A /* [CP] Embed Pods Frameworks */,
			);
			buildRules = (
			);
			dependencies = (
			);
			name = LilyTalk;
			productName = LilyTalk;
			productReference = 2AFC922829B5F828003A35CE /* LilyTalk.app */;
			productType = "com.apple.product-type.application";
		};
/* End PBXNativeTarget section */

/* Begin PBXProject section */
		2AFC922029B5F828003A35CE /* Project object */ = {
			isa = PBXProject;
			attributes = {
				BuildIndependentTargetsInParallel = 1;
				LastSwiftUpdateCheck = 1420;
				LastUpgradeCheck = 1420;
				TargetAttributes = {
					2AFC922729B5F828003A35CE = {
						CreatedOnToolsVersion = 14.2;
					};
				};
			};
			buildConfigurationList = 2AFC922329B5F828003A35CE /* Build configuration list for PBXProject "LilyTalk" */;
			compatibilityVersion = "Xcode 14.0";
			developmentRegion = en;
			hasScannedForEncodings = 0;
			knownRegions = (
				en,
				Base,
			);
			mainGroup = 2AFC921F29B5F828003A35CE;
			productRefGroup = 2AFC922929B5F828003A35CE /* Products */;
			projectDirPath = "";
			projectRoot = "";
			targets = (
				2AFC922729B5F828003A35CE /* LilyTalk */,
			);
		};
/* End PBXProject section */

/* Begin PBXResourcesBuildPhase section */
		2AFC922629B5F828003A35CE /* Resources */ = {
			isa = PBXResourcesBuildPhase;
			buildActionMask = 2147483647;
			files = (
				2A33EAB629B7B4E60043DAF2 /* RemoteConfigDefaults.plist in Resources */,
				2AFC923829B5F82A003A35CE /* LaunchScreen.storyboard in Resources */,
				2A33EAB229B748AA0043DAF2 /* GoogleService-Info.plist in Resources */,
				2AFC923529B5F82A003A35CE /* Assets.xcassets in Resources */,
				2AFC923329B5F829003A35CE /* Main.storyboard in Resources */,
			);
			runOnlyForDeploymentPostprocessing = 0;
		};
/* End PBXResourcesBuildPhase section */

/* Begin PBXShellScriptBuildPhase section */
		0A2CDB22843F8514F006E103 /* [CP] Check Pods Manifest.lock */ = {
			isa = PBXShellScriptBuildPhase;
			buildActionMask = 2147483647;
			files = (
			);
			inputFileListPaths = (
			);
			inputPaths = (
				"${PODS_PODFILE_DIR_PATH}/Podfile.lock",
				"${PODS_ROOT}/Manifest.lock",
			);
			name = "[CP] Check Pods Manifest.lock";
			outputFileListPaths = (
			);
			outputPaths = (
				"$(DERIVED_FILE_DIR)/Pods-LilyTalk-checkManifestLockResult.txt",
			);
			runOnlyForDeploymentPostprocessing = 0;
			shellPath = /bin/sh;
			shellScript = "diff \"${PODS_PODFILE_DIR_PATH}/Podfile.lock\" \"${PODS_ROOT}/Manifest.lock\" > /dev/null\nif [ $? != 0 ] ; then\n    # print error to STDERR\n    echo \"error: The sandbox is not in sync with the Podfile.lock. Run 'pod install' or update your CocoaPods installation.\" >&2\n    exit 1\nfi\n# This output is used by Xcode 'outputs' to avoid re-running this script phase.\necho \"SUCCESS\" > \"${SCRIPT_OUTPUT_FILE_0}\"\n";
			showEnvVarsInLog = 0;
		};
		C2498419AB4AEEDC3BE0D80A /* [CP] Embed Pods Frameworks */ = {
			isa = PBXShellScriptBuildPhase;
			buildActionMask = 2147483647;
			files = (
			);
			inputFileListPaths = (
				"${PODS_ROOT}/Target Support Files/Pods-LilyTalk/Pods-LilyTalk-frameworks-${CONFIGURATION}-input-files.xcfilelist",
			);
			name = "[CP] Embed Pods Frameworks";
			outputFileListPaths = (
				"${PODS_ROOT}/Target Support Files/Pods-LilyTalk/Pods-LilyTalk-frameworks-${CONFIGURATION}-output-files.xcfilelist",
			);
			runOnlyForDeploymentPostprocessing = 0;
			shellPath = /bin/sh;
			shellScript = "\"${PODS_ROOT}/Target Support Files/Pods-LilyTalk/Pods-LilyTalk-frameworks.sh\"\n";
			showEnvVarsInLog = 0;
		};
/* End PBXShellScriptBuildPhase section */

/* Begin PBXSourcesBuildPhase section */
		2AFC922429B5F828003A35CE /* Sources */ = {
			isa = PBXSourcesBuildPhase;
			buildActionMask = 2147483647;
			files = (
				2A33EAB829B7B83D0043DAF2 /* LoginViewController.swift in Sources */,
				2A5765F829BA481300A0062C /* ChatRoomsViewController.swift in Sources */,
				2A33EAC129B7E9A00043DAF2 /* UserModel.swift in Sources */,
				2A33EAC429B8E6800043DAF2 /* ChatViewController.swift in Sources */,
				2AFC923029B5F828003A35CE /* ViewController.swift in Sources */,
				2A33EABA29B7BD7E0043DAF2 /* SignupViewController.swift in Sources */,
				2A33EABC29B7DE9D0043DAF2 /* PeopleViewController.swift in Sources */,
				2AFC922C29B5F828003A35CE /* AppDelegate.swift in Sources */,
				2AFC922E29B5F828003A35CE /* SceneDelegate.swift in Sources */,
				2A33EAC829B8E7480043DAF2 /* ChatModel.swift in Sources */,
			);
			runOnlyForDeploymentPostprocessing = 0;
		};
/* End PBXSourcesBuildPhase section */

/* Begin PBXVariantGroup section */
		2AFC923129B5F829003A35CE /* Main.storyboard */ = {
			isa = PBXVariantGroup;
			children = (
				2AFC923229B5F829003A35CE /* Base */,
			);
			name = Main.storyboard;
			sourceTree = "<group>";
		};
		2AFC923629B5F82A003A35CE /* LaunchScreen.storyboard */ = {
			isa = PBXVariantGroup;
			children = (
				2AFC923729B5F82A003A35CE /* Base */,
			);
			name = LaunchScreen.storyboard;
			sourceTree = "<group>";
		};
/* End PBXVariantGroup section */

/* Begin XCBuildConfiguration section */
		2AFC923A29B5F82A003A35CE /* Debug */ = {
			isa = XCBuildConfiguration;
			buildSettings = {
				ALWAYS_SEARCH_USER_PATHS = NO;
				CLANG_ANALYZER_NONNULL = YES;
				CLANG_ANALYZER_NUMBER_OBJECT_CONVERSION = YES_AGGRESSIVE;
				CLANG_CXX_LANGUAGE_STANDARD = "gnu++20";
				CLANG_ENABLE_MODULES = YES;
				CLANG_ENABLE_OBJC_ARC = YES;
				CLANG_ENABLE_OBJC_WEAK = YES;
				CLANG_WARN_BLOCK_CAPTURE_AUTORELEASING = YES;
				CLANG_WARN_BOOL_CONVERSION = YES;
				CLANG_WARN_COMMA = YES;
				CLANG_WARN_CONSTANT_CONVERSION = YES;
				CLANG_WARN_DEPRECATED_OBJC_IMPLEMENTATIONS = YES;
				CLANG_WARN_DIRECT_OBJC_ISA_USAGE = YES_ERROR;
				CLANG_WARN_DOCUMENTATION_COMMENTS = YES;
				CLANG_WARN_EMPTY_BODY = YES;
				CLANG_WARN_ENUM_CONVERSION = YES;
				CLANG_WARN_INFINITE_RECURSION = YES;
				CLANG_WARN_INT_CONVERSION = YES;
				CLANG_WARN_NON_LITERAL_NULL_CONVERSION = YES;
				CLANG_WARN_OBJC_IMPLICIT_RETAIN_SELF = YES;
				CLANG_WARN_OBJC_LITERAL_CONVERSION = YES;
				CLANG_WARN_OBJC_ROOT_CLASS = YES_ERROR;
				CLANG_WARN_QUOTED_INCLUDE_IN_FRAMEWORK_HEADER = YES;
				CLANG_WARN_RANGE_LOOP_ANALYSIS = YES;
				CLANG_WARN_STRICT_PROTOTYPES = YES;
				CLANG_WARN_SUSPICIOUS_MOVE = YES;
				CLANG_WARN_UNGUARDED_AVAILABILITY = YES_AGGRESSIVE;
				CLANG_WARN_UNREACHABLE_CODE = YES;
				CLANG_WARN__DUPLICATE_METHOD_MATCH = YES;
				COPY_PHASE_STRIP = NO;
				DEBUG_INFORMATION_FORMAT = dwarf;
				ENABLE_STRICT_OBJC_MSGSEND = YES;
				ENABLE_TESTABILITY = YES;
				GCC_C_LANGUAGE_STANDARD = gnu11;
				GCC_DYNAMIC_NO_PIC = NO;
				GCC_NO_COMMON_BLOCKS = YES;
				GCC_OPTIMIZATION_LEVEL = 0;
				GCC_PREPROCESSOR_DEFINITIONS = (
					"DEBUG=1",
					"$(inherited)",
				);
				GCC_WARN_64_TO_32_BIT_CONVERSION = YES;
				GCC_WARN_ABOUT_RETURN_TYPE = YES_ERROR;
				GCC_WARN_UNDECLARED_SELECTOR = YES;
				GCC_WARN_UNINITIALIZED_AUTOS = YES_AGGRESSIVE;
				GCC_WARN_UNUSED_FUNCTION = YES;
				GCC_WARN_UNUSED_VARIABLE = YES;
				IPHONEOS_DEPLOYMENT_TARGET = 16.2;
				MTL_ENABLE_DEBUG_INFO = INCLUDE_SOURCE;
				MTL_FAST_MATH = YES;
				ONLY_ACTIVE_ARCH = YES;
				SDKROOT = iphoneos;
				SWIFT_ACTIVE_COMPILATION_CONDITIONS = DEBUG;
				SWIFT_OPTIMIZATION_LEVEL = "-Onone";
			};
			name = Debug;
		};
		2AFC923B29B5F82A003A35CE /* Release */ = {
			isa = XCBuildConfiguration;
			buildSettings = {
				ALWAYS_SEARCH_USER_PATHS = NO;
				CLANG_ANALYZER_NONNULL = YES;
				CLANG_ANALYZER_NUMBER_OBJECT_CONVERSION = YES_AGGRESSIVE;
				CLANG_CXX_LANGUAGE_STANDARD = "gnu++20";
				CLANG_ENABLE_MODULES = YES;
				CLANG_ENABLE_OBJC_ARC = YES;
				CLANG_ENABLE_OBJC_WEAK = YES;
				CLANG_WARN_BLOCK_CAPTURE_AUTORELEASING = YES;
				CLANG_WARN_BOOL_CONVERSION = YES;
				CLANG_WARN_COMMA = YES;
				CLANG_WARN_CONSTANT_CONVERSION = YES;
				CLANG_WARN_DEPRECATED_OBJC_IMPLEMENTATIONS = YES;
				CLANG_WARN_DIRECT_OBJC_ISA_USAGE = YES_ERROR;
				CLANG_WARN_DOCUMENTATION_COMMENTS = YES;
				CLANG_WARN_EMPTY_BODY = YES;
				CLANG_WARN_ENUM_CONVERSION = YES;
				CLANG_WARN_INFINITE_RECURSION = YES;
				CLANG_WARN_INT_CONVERSION = YES;
				CLANG_WARN_NON_LITERAL_NULL_CONVERSION = YES;
				CLANG_WARN_OBJC_IMPLICIT_RETAIN_SELF = YES;
				CLANG_WARN_OBJC_LITERAL_CONVERSION = YES;
				CLANG_WARN_OBJC_ROOT_CLASS = YES_ERROR;
				CLANG_WARN_QUOTED_INCLUDE_IN_FRAMEWORK_HEADER = YES;
				CLANG_WARN_RANGE_LOOP_ANALYSIS = YES;
				CLANG_WARN_STRICT_PROTOTYPES = YES;
				CLANG_WARN_SUSPICIOUS_MOVE = YES;
				CLANG_WARN_UNGUARDED_AVAILABILITY = YES_AGGRESSIVE;
				CLANG_WARN_UNREACHABLE_CODE = YES;
				CLANG_WARN__DUPLICATE_METHOD_MATCH = YES;
				COPY_PHASE_STRIP = NO;
				DEBUG_INFORMATION_FORMAT = "dwarf-with-dsym";
				ENABLE_NS_ASSERTIONS = NO;
				ENABLE_STRICT_OBJC_MSGSEND = YES;
				GCC_C_LANGUAGE_STANDARD = gnu11;
				GCC_NO_COMMON_BLOCKS = YES;
				GCC_WARN_64_TO_32_BIT_CONVERSION = YES;
				GCC_WARN_ABOUT_RETURN_TYPE = YES_ERROR;
				GCC_WARN_UNDECLARED_SELECTOR = YES;
				GCC_WARN_UNINITIALIZED_AUTOS = YES_AGGRESSIVE;
				GCC_WARN_UNUSED_FUNCTION = YES;
				GCC_WARN_UNUSED_VARIABLE = YES;
				IPHONEOS_DEPLOYMENT_TARGET = 16.2;
				MTL_ENABLE_DEBUG_INFO = NO;
				MTL_FAST_MATH = YES;
				SDKROOT = iphoneos;
				SWIFT_COMPILATION_MODE = wholemodule;
				SWIFT_OPTIMIZATION_LEVEL = "-O";
				VALIDATE_PRODUCT = YES;
			};
			name = Release;
		};
		2AFC923D29B5F82A003A35CE /* Debug */ = {
			isa = XCBuildConfiguration;
			baseConfigurationReference = 07E9E67B17349CE414D0E3AB /* Pods-LilyTalk.debug.xcconfig */;
			buildSettings = {
				ASSETCATALOG_COMPILER_APPICON_NAME = AppIcon;
				ASSETCATALOG_COMPILER_GLOBAL_ACCENT_COLOR_NAME = AccentColor;
				CODE_SIGN_STYLE = Automatic;
				CURRENT_PROJECT_VERSION = 1;
				DEVELOPMENT_TEAM = 68P2WV4DR3;
				GENERATE_INFOPLIST_FILE = YES;
				INFOPLIST_FILE = LilyTalk/Info.plist;
				INFOPLIST_KEY_UIApplicationSupportsIndirectInputEvents = YES;
				INFOPLIST_KEY_UILaunchStoryboardName = LaunchScreen;
				INFOPLIST_KEY_UIMainStoryboardFile = Main;
				INFOPLIST_KEY_UISupportedInterfaceOrientations_iPad = "UIInterfaceOrientationPortrait UIInterfaceOrientationPortraitUpsideDown UIInterfaceOrientationLandscapeLeft UIInterfaceOrientationLandscapeRight";
				INFOPLIST_KEY_UISupportedInterfaceOrientations_iPhone = "UIInterfaceOrientationPortrait UIInterfaceOrientationLandscapeLeft UIInterfaceOrientationLandscapeRight";
				LD_RUNPATH_SEARCH_PATHS = (
					"$(inherited)",
					"@executable_path/Frameworks",
				);
				MARKETING_VERSION = 1.0;
				PRODUCT_BUNDLE_IDENTIFIER = com.lily.LilyTalk;
				PRODUCT_NAME = "$(TARGET_NAME)";
				SWIFT_EMIT_LOC_STRINGS = YES;
				SWIFT_VERSION = 5.0;
				TARGETED_DEVICE_FAMILY = "1,2";
			};
			name = Debug;
		};
		2AFC923E29B5F82A003A35CE /* Release */ = {
			isa = XCBuildConfiguration;
			baseConfigurationReference = 1848C93D3C764D118D4A21B3 /* Pods-LilyTalk.release.xcconfig */;
			buildSettings = {
				ASSETCATALOG_COMPILER_APPICON_NAME = AppIcon;
				ASSETCATALOG_COMPILER_GLOBAL_ACCENT_COLOR_NAME = AccentColor;
				CODE_SIGN_STYLE = Automatic;
				CURRENT_PROJECT_VERSION = 1;
				DEVELOPMENT_TEAM = 68P2WV4DR3;
				GENERATE_INFOPLIST_FILE = YES;
				INFOPLIST_FILE = LilyTalk/Info.plist;
				INFOPLIST_KEY_UIApplicationSupportsIndirectInputEvents = YES;
				INFOPLIST_KEY_UILaunchStoryboardName = LaunchScreen;
				INFOPLIST_KEY_UIMainStoryboardFile = Main;
				INFOPLIST_KEY_UISupportedInterfaceOrientations_iPad = "UIInterfaceOrientationPortrait UIInterfaceOrientationPortraitUpsideDown UIInterfaceOrientationLandscapeLeft UIInterfaceOrientationLandscapeRight";
				INFOPLIST_KEY_UISupportedInterfaceOrientations_iPhone = "UIInterfaceOrientationPortrait UIInterfaceOrientationLandscapeLeft UIInterfaceOrientationLandscapeRight";
				LD_RUNPATH_SEARCH_PATHS = (
					"$(inherited)",
					"@executable_path/Frameworks",
				);
				MARKETING_VERSION = 1.0;
				PRODUCT_BUNDLE_IDENTIFIER = com.lily.LilyTalk;
				PRODUCT_NAME = "$(TARGET_NAME)";
				SWIFT_EMIT_LOC_STRINGS = YES;
				SWIFT_VERSION = 5.0;
				TARGETED_DEVICE_FAMILY = "1,2";
			};
			name = Release;
		};
/* End XCBuildConfiguration section */

/* Begin XCConfigurationList section */
		2AFC922329B5F828003A35CE /* Build configuration list for PBXProject "LilyTalk" */ = {
			isa = XCConfigurationList;
			buildConfigurations = (
				2AFC923A29B5F82A003A35CE /* Debug */,
				2AFC923B29B5F82A003A35CE /* Release */,
			);
			defaultConfigurationIsVisible = 0;
			defaultConfigurationName = Release;
		};
		2AFC923C29B5F82A003A35CE /* Build configuration list for PBXNativeTarget "LilyTalk" */ = {
			isa = XCConfigurationList;
			buildConfigurations = (
				2AFC923D29B5F82A003A35CE /* Debug */,
				2AFC923E29B5F82A003A35CE /* Release */,
			);
			defaultConfigurationIsVisible = 0;
			defaultConfigurationName = Release;
		};
/* End XCConfigurationList section */
	};
	rootObject = 2AFC922029B5F828003A35CE /* Project object */;
}
